
Microsoft Visual Studio Solution File, Format Version 12.00
# Visual Studio Version 17
VisualStudioVersion = 17.9.34902.65
MinimumVisualStudioVersion = 10.0.40219.1
Project("{9A19103F-16F7-4668-BE54-9A1E7A4F7556}") = "UserProvider", "UserProvider\UserProvider.csproj", "{0C43CFCB-B18D-4FC4-8DDF-DE4AB9BFB955}"
EndProject
Project("{9A19103F-16F7-4668-BE54-9A1E7A4F7556}") = "Data", "Data\Data.csproj", "{BC78819A-B9B2-4B07-A6F2-A531C0170D97}"
EndProject
Global
	GlobalSection(SolutionConfigurationPlatforms) = preSolution
		Debug|Any CPU = Debug|Any CPU
		Release|Any CPU = Release|Any CPU
	EndGlobalSection
	GlobalSection(ProjectConfigurationPlatforms) = postSolution
		{0C43CFCB-B18D-4FC4-8DDF-DE4AB9BFB955}.Debug|Any CPU.ActiveCfg = Debug|Any CPU
		{0C43CFCB-B18D-4FC4-8DDF-DE4AB9BFB955}.Debug|Any CPU.Build.0 = Debug|Any CPU
		{0C43CFCB-B18D-4FC4-8DDF-DE4AB9BFB955}.Release|Any CPU.ActiveCfg = Release|Any CPU
		{0C43CFCB-B18D-4FC4-8DDF-DE4AB9BFB955}.Release|Any CPU.Build.0 = Release|Any CPU
		{BC78819A-B9B2-4B07-A6F2-A531C0170D97}.Debug|Any CPU.ActiveCfg = Debug|Any CPU
		{BC78819A-B9B2-4B07-A6F2-A531C0170D97}.Debug|Any CPU.Build.0 = Debug|Any CPU
		{BC78819A-B9B2-4B07-A6F2-A531C0170D97}.Release|Any CPU.ActiveCfg = Release|Any CPU
		{BC78819A-B9B2-4B07-A6F2-A531C0170D97}.Release|Any CPU.Build.0 = Release|Any CPU
	EndGlobalSection
	GlobalSection(SolutionProperties) = preSolution
		HideSolutionNode = FALSE
	EndGlobalSection
	GlobalSection(ExtensibilityGlobals) = postSolution
		SolutionGuid = {0246A53B-CEFD-4FE4-9302-D8C9C4208DFA}
	EndGlobalSection
EndGlobal
